
Microsoft Visual Studio Solution File, Format Version 12.00
# Visual Studio Version 16
VisualStudioVersion = 16.0.30114.105
MinimumVisualStudioVersion = 10.0.40219.1
Project("{FAE04EC0-301F-11D3-BF4B-00C04F79EFBC}") = "ConsoleExecutable", "ConsoleExecutable\ConsoleExecutable.csproj", "{F63CC607-8C9E-4A00-AD11-07E6833BACE2}"
EndProject
Project("{FAE04EC0-301F-11D3-BF4B-00C04F79EFBC}") = "MidiAccess", "MidiAccess\MidiAccess.csproj", "{154D7B4D-73F6-4F65-9C05-8C6021D62489}"
EndProject
Project("{FAE04EC0-301F-11D3-BF4B-00C04F79EFBC}") = "nanoKontrol2OBS", "nanoKontrol2OBS\nanoKontrol2OBS.csproj", "{58E647DF-407E-4940-9719-FC6409A17FDF}"
EndProject
Project("{FAE04EC0-301F-11D3-BF4B-00C04F79EFBC}") = "SoundControl", "SoundControl\SoundControl.csproj", "{9299C798-2CC4-4663-A709-2BC1987140AB}"
EndProject
Global
	GlobalSection(SolutionConfigurationPlatforms) = preSolution
		Debug|Any CPU = Debug|Any CPU
		Release|Any CPU = Release|Any CPU
	EndGlobalSection
	GlobalSection(ProjectConfigurationPlatforms) = postSolution
		{F63CC607-8C9E-4A00-AD11-07E6833BACE2}.Debug|Any CPU.ActiveCfg = Debug|Any CPU
		{F63CC607-8C9E-4A00-AD11-07E6833BACE2}.Debug|Any CPU.Build.0 = Debug|Any CPU
		{F63CC607-8C9E-4A00-AD11-07E6833BACE2}.Release|Any CPU.ActiveCfg = Release|Any CPU
		{F63CC607-8C9E-4A00-AD11-07E6833BACE2}.Release|Any CPU.Build.0 = Release|Any CPU
		{154D7B4D-73F6-4F65-9C05-8C6021D62489}.Debug|Any CPU.ActiveCfg = Debug|Any CPU
		{154D7B4D-73F6-4F65-9C05-8C6021D62489}.Debug|Any CPU.Build.0 = Debug|Any CPU
		{154D7B4D-73F6-4F65-9C05-8C6021D62489}.Release|Any CPU.ActiveCfg = Release|Any CPU
		{154D7B4D-73F6-4F65-9C05-8C6021D62489}.Release|Any CPU.Build.0 = Release|Any CPU
		{58E647DF-407E-4940-9719-FC6409A17FDF}.Debug|Any CPU.ActiveCfg = Debug|Any CPU
		{58E647DF-407E-4940-9719-FC6409A17FDF}.Debug|Any CPU.Build.0 = Debug|Any CPU
		{58E647DF-407E-4940-9719-FC6409A17FDF}.Release|Any CPU.ActiveCfg = Release|Any CPU
		{58E647DF-407E-4940-9719-FC6409A17FDF}.Release|Any CPU.Build.0 = Release|Any CPU
		{9299C798-2CC4-4663-A709-2BC1987140AB}.Debug|Any CPU.ActiveCfg = Debug|Any CPU
		{9299C798-2CC4-4663-A709-2BC1987140AB}.Debug|Any CPU.Build.0 = Debug|Any CPU
		{9299C798-2CC4-4663-A709-2BC1987140AB}.Release|Any CPU.ActiveCfg = Release|Any CPU
		{9299C798-2CC4-4663-A709-2BC1987140AB}.Release|Any CPU.Build.0 = Release|Any CPU
	EndGlobalSection
	GlobalSection(SolutionProperties) = preSolution
		HideSolutionNode = FALSE
	EndGlobalSection
	GlobalSection(ExtensibilityGlobals) = postSolution
		SolutionGuid = {8B684F39-FBEC-49C1-8F48-44FDB47E2845}
	EndGlobalSection
EndGlobal
